
Microsoft Visual Studio Solution File, Format Version 12.00
# Visual Studio Version 16
VisualStudioVersion = 16.0.30011.22
MinimumVisualStudioVersion = 10.0.40219.1
Project("{FAE04EC0-301F-11D3-BF4B-00C04F79EFBC}") = "RedYellowGreen", "RedYellowGreen.csproj", "{470E773A-C262-4515-9EBD-ABD78F727715}"
EndProject
Global
	GlobalSection(SolutionConfigurationPlatforms) = preSolution
		Debug|Any CPU = Debug|Any CPU
		Release|Any CPU = Release|Any CPU
	EndGlobalSection
	GlobalSection(ProjectConfigurationPlatforms) = postSolution
		{470E773A-C262-4515-9EBD-ABD78F727715}.Debug|Any CPU.ActiveCfg = Debug|Any CPU
		{470E773A-C262-4515-9EBD-ABD78F727715}.Debug|Any CPU.Build.0 = Debug|Any CPU
		{470E773A-C262-4515-9EBD-ABD78F727715}.Release|Any CPU.ActiveCfg = Release|Any CPU
		{470E773A-C262-4515-9EBD-ABD78F727715}.Release|Any CPU.Build.0 = Release|Any CPU
	EndGlobalSection
	GlobalSection(SolutionProperties) = preSolution
		HideSolutionNode = FALSE
	EndGlobalSection
	GlobalSection(ExtensibilityGlobals) = postSolution
		SolutionGuid = {052FE072-761B-4D89-9D3A-60368C0B8410}
	EndGlobalSection
EndGlobal
